
Microsoft Visual Studio Solution File, Format Version 12.00
# Visual Studio Version 16
VisualStudioVersion = 16.0.29709.97
MinimumVisualStudioVersion = 10.0.40219.1
Project("{FAE04EC0-301F-11D3-BF4B-00C04F79EFBC}") = "Test", "Test.csproj", "{5926477F-415E-499B-B465-5993E6807ADA}"
EndProject
Global
	GlobalSection(SolutionConfigurationPlatforms) = preSolution
		Debug|Any CPU = Debug|Any CPU
		Release|Any CPU = Release|Any CPU
	EndGlobalSection
	GlobalSection(ProjectConfigurationPlatforms) = postSolution
		{5926477F-415E-499B-B465-5993E6807ADA}.Debug|Any CPU.ActiveCfg = Debug|Any CPU
		{5926477F-415E-499B-B465-5993E6807ADA}.Debug|Any CPU.Build.0 = Debug|Any CPU
		{5926477F-415E-499B-B465-5993E6807ADA}.Release|Any CPU.ActiveCfg = Release|Any CPU
		{5926477F-415E-499B-B465-5993E6807ADA}.Release|Any CPU.Build.0 = Release|Any CPU
	EndGlobalSection
	GlobalSection(SolutionProperties) = preSolution
		HideSolutionNode = FALSE
	EndGlobalSection
	GlobalSection(ExtensibilityGlobals) = postSolution
		SolutionGuid = {166A055E-1006-4594-9C83-24097BE6FCD0}
	EndGlobalSection
EndGlobal
